
Microsoft Visual Studio Solution File, Format Version 11.00
# Visual Studio 2010
Project("{FAE04EC0-301F-11D3-BF4B-00C04F79EFBC}") = "Deko", "Deko.csproj", "{9F6AD447-BB0A-424A-D083-F60FC4A74AE9}"
EndProject
Project("{FAE04EC0-301F-11D3-BF4B-00C04F79EFBC}") = "ReorderableInspector", "ReorderableInspector.csproj", "{542DAA75-4271-00B3-82FD-F4661AD63860}"
EndProject
Global
	GlobalSection(SolutionConfigurationPlatforms) = preSolution
		Debug|Any CPU = Debug|Any CPU
		Release|Any CPU = Release|Any CPU
	EndGlobalSection
	GlobalSection(ProjectConfigurationPlatforms) = postSolution
		{9F6AD447-BB0A-424A-D083-F60FC4A74AE9}.Debug|Any CPU.ActiveCfg = Debug|Any CPU
		{9F6AD447-BB0A-424A-D083-F60FC4A74AE9}.Debug|Any CPU.Build.0 = Debug|Any CPU
		{9F6AD447-BB0A-424A-D083-F60FC4A74AE9}.Release|Any CPU.ActiveCfg = Release|Any CPU
		{9F6AD447-BB0A-424A-D083-F60FC4A74AE9}.Release|Any CPU.Build.0 = Release|Any CPU
		{542DAA75-4271-00B3-82FD-F4661AD63860}.Debug|Any CPU.ActiveCfg = Debug|Any CPU
		{542DAA75-4271-00B3-82FD-F4661AD63860}.Debug|Any CPU.Build.0 = Debug|Any CPU
		{542DAA75-4271-00B3-82FD-F4661AD63860}.Release|Any CPU.ActiveCfg = Release|Any CPU
		{542DAA75-4271-00B3-82FD-F4661AD63860}.Release|Any CPU.Build.0 = Release|Any CPU
	EndGlobalSection
	GlobalSection(SolutionProperties) = preSolution
		HideSolutionNode = FALSE
	EndGlobalSection
EndGlobal
